// !$*UTF8*$!
{
	archiveVersion = 1;
	classes = {
	};
	objectVersion = 46;
	objects = {

/* Begin PBXBuildFile section */
		711D3C571D79CCBC002AFE9F /* tower (lower tube)-EXTENDED.png in Resources */ = {isa = PBXBuildFile; fileRef = 711D3C561D79CCBC002AFE9F /* tower (lower tube)-EXTENDED.png */; };
		711D3C591D79CEC4002AFE9F /* tower (lower tube)-EXTENDED1.png in Resources */ = {isa = PBXBuildFile; fileRef = 711D3C581D79CEC4002AFE9F /* tower (lower tube)-EXTENDED1.png */; };
		71273AAF1D5879B40024E107 /* bluetooth.png in Resources */ = {isa = PBXBuildFile; fileRef = 71273AA41D5879B40024E107 /* bluetooth.png */; };
		71273AB01D5879B40024E107 /* bluetooth.png in Resources */ = {isa = PBXBuildFile; fileRef = 71273AA41D5879B40024E107 /* bluetooth.png */; };
		71273AB11D5879B40024E107 /* bluetoothoff.png in Resources */ = {isa = PBXBuildFile; fileRef = 71273AA51D5879B40024E107 /* bluetoothoff.png */; };
		71273AB21D5879B40024E107 /* bluetoothoff.png in Resources */ = {isa = PBXBuildFile; fileRef = 71273AA51D5879B40024E107 /* bluetoothoff.png */; };
		71273AB31D5879B40024E107 /* BTLEManager.m in Sources */ = {isa = PBXBuildFile; fileRef = 71273AA71D5879B40024E107 /* BTLEManager.m */; };
		71273AB41D5879B40024E107 /* BTLEManager.m in Sources */ = {isa = PBXBuildFile; fileRef = 71273AA71D5879B40024E107 /* BTLEManager.m */; };
		71273AB51D5879B40024E107 /* libMelodySmart.a in Frameworks */ = {isa = PBXBuildFile; fileRef = 71273AA81D5879B40024E107 /* libMelodySmart.a */; };
		71273AB61D5879B40024E107 /* libMelodySmart.a in Frameworks */ = {isa = PBXBuildFile; fileRef = 71273AA81D5879B40024E107 /* libMelodySmart.a */; };
		71273AB71D5879B40024E107 /* NSData+NSData_Conversion.m in Sources */ = {isa = PBXBuildFile; fileRef = 71273AAC1D5879B40024E107 /* NSData+NSData_Conversion.m */; };
		71273AB81D5879B40024E107 /* NSData+NSData_Conversion.m in Sources */ = {isa = PBXBuildFile; fileRef = 71273AAC1D5879B40024E107 /* NSData+NSData_Conversion.m */; };
		71273ABB1D58DEFF0024E107 /* BlueToothConnected.png in Resources */ = {isa = PBXBuildFile; fileRef = 71273AB91D58DEFF0024E107 /* BlueToothConnected.png */; };
		71273ABC1D58DEFF0024E107 /* BlueToothConnected.png in Resources */ = {isa = PBXBuildFile; fileRef = 71273AB91D58DEFF0024E107 /* BlueToothConnected.png */; };
		71273ABD1D58DEFF0024E107 /* BlueToothDisconnected.png in Resources */ = {isa = PBXBuildFile; fileRef = 71273ABA1D58DEFF0024E107 /* BlueToothDisconnected.png */; };
		71273ABE1D58DEFF0024E107 /* BlueToothDisconnected.png in Resources */ = {isa = PBXBuildFile; fileRef = 71273ABA1D58DEFF0024E107 /* BlueToothDisconnected.png */; };
		7145851B1D6F3C7E0084FC91 /* EXHALEButton.png in Resources */ = {isa = PBXBuildFile; fileRef = 714585161D6F3C7E0084FC91 /* EXHALEButton.png */; };
		7145851C1D6F3C7E0084FC91 /* GravityButton-OFF.png in Resources */ = {isa = PBXBuildFile; fileRef = 714585171D6F3C7E0084FC91 /* GravityButton-OFF.png */; };
		7145851D1D6F3C7E0084FC91 /* GravityButton-ON.png in Resources */ = {isa = PBXBuildFile; fileRef = 714585181D6F3C7E0084FC91 /* GravityButton-ON.png */; };
		7145851E1D6F3C7E0084FC91 /* INHALEButton.png in Resources */ = {isa = PBXBuildFile; fileRef = 714585191D6F3C7E0084FC91 /* INHALEButton.png */; };
		7145851F1D6F3C7E0084FC91 /* ResetButton.png in Resources */ = {isa = PBXBuildFile; fileRef = 7145851A1D6F3C7E0084FC91 /* ResetButton.png */; };
		717AFC541D74510000E907ED /* dragon wings down.png in Resources */ = {isa = PBXBuildFile; fileRef = 717AFC4E1D74510000E907ED /* dragon wings down.png */; };
		717AFC551D74510000E907ED /* dragon wings up.png in Resources */ = {isa = PBXBuildFile; fileRef = 717AFC4F1D74510000E907ED /* dragon wings up.png */; };
		717AFC561D74510000E907ED /* Flag (upper tube).png in Resources */ = {isa = PBXBuildFile; fileRef = 717AFC501D74510000E907ED /* Flag (upper tube).png */; };
		717AFC571D74510000E907ED /* floor.png in Resources */ = {isa = PBXBuildFile; fileRef = 717AFC511D74510000E907ED /* floor.png */; };
		717AFC581D74510000E907ED /* skyline2.png in Resources */ = {isa = PBXBuildFile; fileRef = 717AFC521D74510000E907ED /* skyline2.png */; };
		717AFC591D74510000E907ED /* tower (lower tube).png in Resources */ = {isa = PBXBuildFile; fileRef = 717AFC531D74510000E907ED /* tower (lower tube).png */; };
		717AFC5B1D74702B00E907ED /* none.png in Resources */ = {isa = PBXBuildFile; fileRef = 717AFC5A1D74702B00E907ED /* none.png */; };
		719C4A011D76E65500922673 /* GroovyDragonSplashPortraitHiRes.png in Resources */ = {isa = PBXBuildFile; fileRef = 719C4A001D76E65500922673 /* GroovyDragonSplashPortraitHiRes.png */; };
		71AC2D361D7D6BA2009B193D /* GroovyDragonAppIcon29x29.png in Resources */ = {isa = PBXBuildFile; fileRef = 71AC2D271D7D6BA2009B193D /* GroovyDragonAppIcon29x29.png */; };
		71AC2D371D7D6BA2009B193D /* GroovyDragonAppIcon40x40.png in Resources */ = {isa = PBXBuildFile; fileRef = 71AC2D281D7D6BA2009B193D /* GroovyDragonAppIcon40x40.png */; };
		71AC2D381D7D6BA2009B193D /* GroovyDragonAppIcon50x50.png in Resources */ = {isa = PBXBuildFile; fileRef = 71AC2D291D7D6BA2009B193D /* GroovyDragonAppIcon50x50.png */; };
		71AC2D391D7D6BA2009B193D /* GroovyDragonAppIcon57x57.png in Resources */ = {isa = PBXBuildFile; fileRef = 71AC2D2A1D7D6BA2009B193D /* GroovyDragonAppIcon57x57.png */; };
		71AC2D3A1D7D6BA2009B193D /* GroovyDragonAppIcon58x58.png in Resources */ = {isa = PBXBuildFile; fileRef = 71AC2D2B1D7D6BA2009B193D /* GroovyDragonAppIcon58x58.png */; };
		71AC2D3B1D7D6BA2009B193D /* GroovyDragonAppIcon72x72.png in Resources */ = {isa = PBXBuildFile; fileRef = 71AC2D2C1D7D6BA2009B193D /* GroovyDragonAppIcon72x72.png */; };
		71AC2D3C1D7D6BA2009B193D /* GroovyDragonAppIcon76x76.png in Resources */ = {isa = PBXBuildFile; fileRef = 71AC2D2D1D7D6BA2009B193D /* GroovyDragonAppIcon76x76.png */; };
		71AC2D3D1D7D6BA2009B193D /* GroovyDragonAppIcon80x80.png in Resources */ = {isa = PBXBuildFile; fileRef = 71AC2D2E1D7D6BA2009B193D /* GroovyDragonAppIcon80x80.png */; };
		71AC2D3E1D7D6BA2009B193D /* GroovyDragonAppIcon100x100.png in Resources */ = {isa = PBXBuildFile; fileRef = 71AC2D2F1D7D6BA2009B193D /* GroovyDragonAppIcon100x100.png */; };
		71AC2D3F1D7D6BA2009B193D /* GroovyDragonAppIcon114x114.png in Resources */ = {isa = PBXBuildFile; fileRef = 71AC2D301D7D6BA2009B193D /* GroovyDragonAppIcon114x114.png */; };
		71AC2D401D7D6BA2009B193D /* GroovyDragonAppIcon120x120.png in Resources */ = {isa = PBXBuildFile; fileRef = 71AC2D311D7D6BA2009B193D /* GroovyDragonAppIcon120x120.png */; };
		71AC2D411D7D6BA2009B193D /* GroovyDragonAppIcon144x144.png in Resources */ = {isa = PBXBuildFile; fileRef = 71AC2D321D7D6BA2009B193D /* GroovyDragonAppIcon144x144.png */; };
		71AC2D421D7D6BA2009B193D /* GroovyDragonAppIcon152x152.png in Resources */ = {isa = PBXBuildFile; fileRef = 71AC2D331D7D6BA2009B193D /* GroovyDragonAppIcon152x152.png */; };
		71AC2D431D7D6BA2009B193D /* GroovyDragonAppIcon167x167.png in Resources */ = {isa = PBXBuildFile; fileRef = 71AC2D341D7D6BA2009B193D /* GroovyDragonAppIcon167x167.png */; };
		71AC2D441D7D6BA2009B193D /* GroovyDragonAppIcon1024x1024.png in Resources */ = {isa = PBXBuildFile; fileRef = 71AC2D351D7D6BA2009B193D /* GroovyDragonAppIcon1024x1024.png */; };
		71AC2D5B1D7D78AD009B193D /* GameKit.framework in Frameworks */ = {isa = PBXBuildFile; fileRef = 71AC2D5A1D7D78AD009B193D /* GameKit.framework */; };
		71AC2D5D1D7D7919009B193D /* StoreKit.framework in Frameworks */ = {isa = PBXBuildFile; fileRef = 71AC2D5C1D7D7919009B193D /* StoreKit.framework */; };
		71FB87441D635D9400509FFE /* flappyBreathLevelInfo.json in Resources */ = {isa = PBXBuildFile; fileRef = 71FB87431D635D9400509FFE /* flappyBreathLevelInfo.json */; };
		C9633FD118AC2AFF00F2E432 /* Foundation.framework in Frameworks */ = {isa = PBXBuildFile; fileRef = C9633FD018AC2AFF00F2E432 /* Foundation.framework */; };
		C9633FD318AC2AFF00F2E432 /* CoreGraphics.framework in Frameworks */ = {isa = PBXBuildFile; fileRef = C9633FD218AC2AFF00F2E432 /* CoreGraphics.framework */; };
		C9633FD518AC2AFF00F2E432 /* UIKit.framework in Frameworks */ = {isa = PBXBuildFile; fileRef = C9633FD418AC2AFF00F2E432 /* UIKit.framework */; };
		C9633FD718AC2AFF00F2E432 /* SpriteKit.framework in Frameworks */ = {isa = PBXBuildFile; fileRef = C9633FD618AC2AFF00F2E432 /* SpriteKit.framework */; };
		C9633FDD18AC2AFF00F2E432 /* InfoPlist.strings in Resources */ = {isa = PBXBuildFile; fileRef = C9633FDB18AC2AFF00F2E432 /* InfoPlist.strings */; };
		C9633FDF18AC2AFF00F2E432 /* main.m in Sources */ = {isa = PBXBuildFile; fileRef = C9633FDE18AC2AFF00F2E432 /* main.m */; };
		C9633FE318AC2AFF00F2E432 /* AppDelegate.m in Sources */ = {isa = PBXBuildFile; fileRef = C9633FE218AC2AFF00F2E432 /* AppDelegate.m */; };
		C9633FE618AC2AFF00F2E432 /* Main_iPhone.storyboard in Resources */ = {isa = PBXBuildFile; fileRef = C9633FE418AC2AFF00F2E432 /* Main_iPhone.storyboard */; };
		C9633FE918AC2AFF00F2E432 /* Main_iPad.storyboard in Resources */ = {isa = PBXBuildFile; fileRef = C9633FE718AC2AFF00F2E432 /* Main_iPad.storyboard */; };
		C9633FEC18AC2B0000F2E432 /* ViewController.m in Sources */ = {isa = PBXBuildFile; fileRef = C9633FEB18AC2B0000F2E432 /* ViewController.m */; };
		C9633FEF18AC2B0000F2E432 /* MyScene.m in Sources */ = {isa = PBXBuildFile; fileRef = C9633FEE18AC2B0000F2E432 /* MyScene.m */; };
		C9633FF318AC2B0000F2E432 /* Images.xcassets in Resources */ = {isa = PBXBuildFile; fileRef = C9633FF218AC2B0000F2E432 /* Images.xcassets */; };
		C9633FFA18AC2B0000F2E432 /* XCTest.framework in Frameworks */ = {isa = PBXBuildFile; fileRef = C9633FF918AC2B0000F2E432 /* XCTest.framework */; };
		C9633FFB18AC2B0000F2E432 /* Foundation.framework in Frameworks */ = {isa = PBXBuildFile; fileRef = C9633FD018AC2AFF00F2E432 /* Foundation.framework */; };
		C9633FFC18AC2B0000F2E432 /* UIKit.framework in Frameworks */ = {isa = PBXBuildFile; fileRef = C9633FD418AC2AFF00F2E432 /* UIKit.framework */; };
		C963400418AC2B0000F2E432 /* InfoPlist.strings in Resources */ = {isa = PBXBuildFile; fileRef = C963400218AC2B0000F2E432 /* InfoPlist.strings */; };
		C963400618AC2B0000F2E432 /* GroovyDragonTests.m in Sources */ = {isa = PBXBuildFile; fileRef = C963400518AC2B0000F2E432 /* GroovyDragonTests.m */; };
		C963401718AC39DD00F2E432 /* Skyline.png in Resources */ = {isa = PBXBuildFile; fileRef = C963401518AC39DD00F2E432 /* Skyline.png */; };
		C963401818AC39DD00F2E432 /* Ground.png in Resources */ = {isa = PBXBuildFile; fileRef = C963401618AC39DD00F2E432 /* Ground.png */; };
		C963401B18AC4EBA00F2E432 /* Pipe2.png in Resources */ = {isa = PBXBuildFile; fileRef = C963401918AC4EBA00F2E432 /* Pipe2.png */; };
		C963401C18AC4EBA00F2E432 /* Pipe1.png in Resources */ = {isa = PBXBuildFile; fileRef = C963401A18AC4EBA00F2E432 /* Pipe1.png */; };
/* End PBXBuildFile section */

/* Begin PBXContainerItemProxy section */
		C9633FFD18AC2B0000F2E432 /* PBXContainerItemProxy */ = {
			isa = PBXContainerItemProxy;
			containerPortal = C9633FC518AC2AFF00F2E432 /* Project object */;
			proxyType = 1;
			remoteGlobalIDString = C9633FCC18AC2AFF00F2E432;
			remoteInfo = FlappyBirdClone;
		};
/* End PBXContainerItemProxy section */

/* Begin PBXFileReference section */
		711D3C561D79CCBC002AFE9F /* tower (lower tube)-EXTENDED.png */ = {isa = PBXFileReference; lastKnownFileType = image.png; path = "tower (lower tube)-EXTENDED.png"; sourceTree = "<group>"; };
		711D3C581D79CEC4002AFE9F /* tower (lower tube)-EXTENDED1.png */ = {isa = PBXFileReference; lastKnownFileType = image.png; path = "tower (lower tube)-EXTENDED1.png"; sourceTree = "<group>"; };
		71273AA41D5879B40024E107 /* bluetooth.png */ = {isa = PBXFileReference; lastKnownFileType = image.png; path = bluetooth.png; sourceTree = "<group>"; };
		71273AA51D5879B40024E107 /* bluetoothoff.png */ = {isa = PBXFileReference; lastKnownFileType = image.png; path = bluetoothoff.png; sourceTree = "<group>"; };
		71273AA61D5879B40024E107 /* BTLEManager.h */ = {isa = PBXFileReference; fileEncoding = 4; lastKnownFileType = sourcecode.c.h; path = BTLEManager.h; sourceTree = "<group>"; };
		71273AA71D5879B40024E107 /* BTLEManager.m */ = {isa = PBXFileReference; fileEncoding = 4; lastKnownFileType = sourcecode.c.objc; path = BTLEManager.m; sourceTree = "<group>"; };
		71273AA81D5879B40024E107 /* libMelodySmart.a */ = {isa = PBXFileReference; lastKnownFileType = archive.ar; path = libMelodySmart.a; sourceTree = "<group>"; };
		71273AA91D5879B40024E107 /* MelodyManager.h */ = {isa = PBXFileReference; fileEncoding = 4; lastKnownFileType = sourcecode.c.h; path = MelodyManager.h; sourceTree = "<group>"; };
		71273AAA1D5879B40024E107 /* MelodySmart.h */ = {isa = PBXFileReference; fileEncoding = 4; lastKnownFileType = sourcecode.c.h; path = MelodySmart.h; sourceTree = "<group>"; };
		71273AAB1D5879B40024E107 /* NSData+NSData_Conversion.h */ = {isa = PBXFileReference; fileEncoding = 4; lastKnownFileType = sourcecode.c.h; path = "NSData+NSData_Conversion.h"; sourceTree = "<group>"; };
		71273AAC1D5879B40024E107 /* NSData+NSData_Conversion.m */ = {isa = PBXFileReference; fileEncoding = 4; lastKnownFileType = sourcecode.c.objc; path = "NSData+NSData_Conversion.m"; sourceTree = "<group>"; };
		71273AAD1D5879B40024E107 /* OtaStructs.h */ = {isa = PBXFileReference; fileEncoding = 4; lastKnownFileType = sourcecode.c.h; path = OtaStructs.h; sourceTree = "<group>"; };
		71273AB91D58DEFF0024E107 /* BlueToothConnected.png */ = {isa = PBXFileReference; lastKnownFileType = image.png; path = BlueToothConnected.png; sourceTree = "<group>"; };
		71273ABA1D58DEFF0024E107 /* BlueToothDisconnected.png */ = {isa = PBXFileReference; lastKnownFileType = image.png; path = BlueToothDisconnected.png; sourceTree = "<group>"; };
		714174A71D78398200AF4792 /* en */ = {isa = PBXFileReference; lastKnownFileType = file.storyboard; name = en; path = en.lproj/Main_iPad.storyboard; sourceTree = "<group>"; };
		714585161D6F3C7E0084FC91 /* EXHALEButton.png */ = {isa = PBXFileReference; lastKnownFileType = image.png; path = EXHALEButton.png; sourceTree = "<group>"; };
		714585171D6F3C7E0084FC91 /* GravityButton-OFF.png */ = {isa = PBXFileReference; lastKnownFileType = image.png; path = "GravityButton-OFF.png"; sourceTree = "<group>"; };
		714585181D6F3C7E0084FC91 /* GravityButton-ON.png */ = {isa = PBXFileReference; lastKnownFileType = image.png; path = "GravityButton-ON.png"; sourceTree = "<group>"; };
		714585191D6F3C7E0084FC91 /* INHALEButton.png */ = {isa = PBXFileReference; lastKnownFileType = image.png; path = INHALEButton.png; sourceTree = "<group>"; };
		7145851A1D6F3C7E0084FC91 /* ResetButton.png */ = {isa = PBXFileReference; lastKnownFileType = image.png; path = ResetButton.png; sourceTree = "<group>"; };
		717AFC4E1D74510000E907ED /* dragon wings down.png */ = {isa = PBXFileReference; lastKnownFileType = image.png; path = "dragon wings down.png"; sourceTree = "<group>"; };
		717AFC4F1D74510000E907ED /* dragon wings up.png */ = {isa = PBXFileReference; lastKnownFileType = image.png; path = "dragon wings up.png"; sourceTree = "<group>"; };
		717AFC501D74510000E907ED /* Flag (upper tube).png */ = {isa = PBXFileReference; lastKnownFileType = image.png; path = "Flag (upper tube).png"; sourceTree = "<group>"; };
		717AFC511D74510000E907ED /* floor.png */ = {isa = PBXFileReference; lastKnownFileType = image.png; path = floor.png; sourceTree = "<group>"; };
		717AFC521D74510000E907ED /* skyline2.png */ = {isa = PBXFileReference; lastKnownFileType = image.png; path = skyline2.png; sourceTree = "<group>"; };
		717AFC531D74510000E907ED /* tower (lower tube).png */ = {isa = PBXFileReference; lastKnownFileType = image.png; path = "tower (lower tube).png"; sourceTree = "<group>"; };
		717AFC5A1D74702B00E907ED /* none.png */ = {isa = PBXFileReference; lastKnownFileType = image.png; path = none.png; sourceTree = "<group>"; };
		719C4A001D76E65500922673 /* GroovyDragonSplashPortraitHiRes.png */ = {isa = PBXFileReference; lastKnownFileType = image.png; path = GroovyDragonSplashPortraitHiRes.png; sourceTree = "<group>"; };
		71AC2D271D7D6BA2009B193D /* GroovyDragonAppIcon29x29.png */ = {isa = PBXFileReference; lastKnownFileType = image.png; path = GroovyDragonAppIcon29x29.png; sourceTree = "<group>"; };
		71AC2D281D7D6BA2009B193D /* GroovyDragonAppIcon40x40.png */ = {isa = PBXFileReference; lastKnownFileType = image.png; path = GroovyDragonAppIcon40x40.png; sourceTree = "<group>"; };
		71AC2D291D7D6BA2009B193D /* GroovyDragonAppIcon50x50.png */ = {isa = PBXFileReference; lastKnownFileType = image.png; path = GroovyDragonAppIcon50x50.png; sourceTree = "<group>"; };
		71AC2D2A1D7D6BA2009B193D /* GroovyDragonAppIcon57x57.png */ = {isa = PBXFileReference; lastKnownFileType = image.png; path = GroovyDragonAppIcon57x57.png; sourceTree = "<group>"; };
		71AC2D2B1D7D6BA2009B193D /* GroovyDragonAppIcon58x58.png */ = {isa = PBXFileReference; lastKnownFileType = image.png; path = GroovyDragonAppIcon58x58.png; sourceTree = "<group>"; };
		71AC2D2C1D7D6BA2009B193D /* GroovyDragonAppIcon72x72.png */ = {isa = PBXFileReference; lastKnownFileType = image.png; path = GroovyDragonAppIcon72x72.png; sourceTree = "<group>"; };
		71AC2D2D1D7D6BA2009B193D /* GroovyDragonAppIcon76x76.png */ = {isa = PBXFileReference; lastKnownFileType = image.png; path = GroovyDragonAppIcon76x76.png; sourceTree = "<group>"; };
		71AC2D2E1D7D6BA2009B193D /* GroovyDragonAppIcon80x80.png */ = {isa = PBXFileReference; lastKnownFileType = image.png; path = GroovyDragonAppIcon80x80.png; sourceTree = "<group>"; };
		71AC2D2F1D7D6BA2009B193D /* GroovyDragonAppIcon100x100.png */ = {isa = PBXFileReference; lastKnownFileType = image.png; path = GroovyDragonAppIcon100x100.png; sourceTree = "<group>"; };
		71AC2D301D7D6BA2009B193D /* GroovyDragonAppIcon114x114.png */ = {isa = PBXFileReference; lastKnownFileType = image.png; path = GroovyDragonAppIcon114x114.png; sourceTree = "<group>"; };
		71AC2D311D7D6BA2009B193D /* GroovyDragonAppIcon120x120.png */ = {isa = PBXFileReference; lastKnownFileType = image.png; path = GroovyDragonAppIcon120x120.png; sourceTree = "<group>"; };
		71AC2D321D7D6BA2009B193D /* GroovyDragonAppIcon144x144.png */ = {isa = PBXFileReference; lastKnownFileType = image.png; path = GroovyDragonAppIcon144x144.png; sourceTree = "<group>"; };
		71AC2D331D7D6BA2009B193D /* GroovyDragonAppIcon152x152.png */ = {isa = PBXFileReference; lastKnownFileType = image.png; path = GroovyDragonAppIcon152x152.png; sourceTree = "<group>"; };
		71AC2D341D7D6BA2009B193D /* GroovyDragonAppIcon167x167.png */ = {isa = PBXFileReference; lastKnownFileType = image.png; path = GroovyDragonAppIcon167x167.png; sourceTree = "<group>"; };
		71AC2D351D7D6BA2009B193D /* GroovyDragonAppIcon1024x1024.png */ = {isa = PBXFileReference; lastKnownFileType = image.png; path = GroovyDragonAppIcon1024x1024.png; sourceTree = "<group>"; };
		71AC2D491D7D71CB009B193D /* GroovyDragon.entitlements */ = {isa = PBXFileReference; lastKnownFileType = text.xml; path = GroovyDragon.entitlements; sourceTree = "<group>"; };
		71AC2D5A1D7D78AD009B193D /* GameKit.framework */ = {isa = PBXFileReference; lastKnownFileType = wrapper.framework; name = GameKit.framework; path = System/Library/Frameworks/GameKit.framework; sourceTree = SDKROOT; };
		71AC2D5C1D7D7919009B193D /* StoreKit.framework */ = {isa = PBXFileReference; lastKnownFileType = wrapper.framework; name = StoreKit.framework; path = System/Library/Frameworks/StoreKit.framework; sourceTree = SDKROOT; };
		71FB87431D635D9400509FFE /* flappyBreathLevelInfo.json */ = {isa = PBXFileReference; fileEncoding = 4; lastKnownFileType = text.json; path = flappyBreathLevelInfo.json; sourceTree = "<group>"; };
		C9633FCD18AC2AFF00F2E432 /* GroovyDragon.app */ = {isa = PBXFileReference; explicitFileType = wrapper.application; includeInIndex = 0; path = GroovyDragon.app; sourceTree = BUILT_PRODUCTS_DIR; };
		C9633FD018AC2AFF00F2E432 /* Foundation.framework */ = {isa = PBXFileReference; lastKnownFileType = wrapper.framework; name = Foundation.framework; path = System/Library/Frameworks/Foundation.framework; sourceTree = SDKROOT; };
		C9633FD218AC2AFF00F2E432 /* CoreGraphics.framework */ = {isa = PBXFileReference; lastKnownFileType = wrapper.framework; name = CoreGraphics.framework; path = System/Library/Frameworks/CoreGraphics.framework; sourceTree = SDKROOT; };
		C9633FD418AC2AFF00F2E432 /* UIKit.framework */ = {isa = PBXFileReference; lastKnownFileType = wrapper.framework; name = UIKit.framework; path = System/Library/Frameworks/UIKit.framework; sourceTree = SDKROOT; };
		C9633FD618AC2AFF00F2E432 /* SpriteKit.framework */ = {isa = PBXFileReference; lastKnownFileType = wrapper.framework; name = SpriteKit.framework; path = System/Library/Frameworks/SpriteKit.framework; sourceTree = SDKROOT; };
		C9633FDA18AC2AFF00F2E432 /* GroovyDragon-Info.plist */ = {isa = PBXFileReference; lastKnownFileType = text.plist.xml; path = "GroovyDragon-Info.plist"; sourceTree = "<group>"; };
		C9633FDC18AC2AFF00F2E432 /* en */ = {isa = PBXFileReference; lastKnownFileType = text.plist.strings; name = en; path = en.lproj/InfoPlist.strings; sourceTree = "<group>"; };
		C9633FDE18AC2AFF00F2E432 /* main.m */ = {isa = PBXFileReference; lastKnownFileType = sourcecode.c.objc; path = main.m; sourceTree = "<group>"; };
		C9633FE018AC2AFF00F2E432 /* GroovyDragon-Prefix.pch */ = {isa = PBXFileReference; lastKnownFileType = sourcecode.c.h; path = "GroovyDragon-Prefix.pch"; sourceTree = "<group>"; };
		C9633FE118AC2AFF00F2E432 /* AppDelegate.h */ = {isa = PBXFileReference; lastKnownFileType = sourcecode.c.h; path = AppDelegate.h; sourceTree = "<group>"; };
		C9633FE218AC2AFF00F2E432 /* AppDelegate.m */ = {isa = PBXFileReference; lastKnownFileType = sourcecode.c.objc; path = AppDelegate.m; sourceTree = "<group>"; };
		C9633FE518AC2AFF00F2E432 /* Base */ = {isa = PBXFileReference; lastKnownFileType = file.storyboard; name = Base; path = Base.lproj/Main_iPhone.storyboard; sourceTree = "<group>"; };
		C9633FEA18AC2AFF00F2E432 /* ViewController.h */ = {isa = PBXFileReference; lastKnownFileType = sourcecode.c.h; path = ViewController.h; sourceTree = "<group>"; };
		C9633FEB18AC2B0000F2E432 /* ViewController.m */ = {isa = PBXFileReference; lastKnownFileType = sourcecode.c.objc; path = ViewController.m; sourceTree = "<group>"; };
		C9633FED18AC2B0000F2E432 /* MyScene.h */ = {isa = PBXFileReference; lastKnownFileType = sourcecode.c.h; path = MyScene.h; sourceTree = "<group>"; };
		C9633FEE18AC2B0000F2E432 /* MyScene.m */ = {isa = PBXFileReference; lastKnownFileType = sourcecode.c.objc; path = MyScene.m; sourceTree = "<group>"; };
		C9633FF218AC2B0000F2E432 /* Images.xcassets */ = {isa = PBXFileReference; lastKnownFileType = folder.assetcatalog; path = Images.xcassets; sourceTree = "<group>"; };
		C9633FF818AC2B0000F2E432 /* GroovyDragon.xctest */ = {isa = PBXFileReference; explicitFileType = wrapper.cfbundle; includeInIndex = 0; path = GroovyDragon.xctest; sourceTree = BUILT_PRODUCTS_DIR; };
		C9633FF918AC2B0000F2E432 /* XCTest.framework */ = {isa = PBXFileReference; lastKnownFileType = wrapper.framework; name = XCTest.framework; path = Library/Frameworks/XCTest.framework; sourceTree = DEVELOPER_DIR; };
		C963400118AC2B0000F2E432 /* GroovyDragonTests-Info.plist */ = {isa = PBXFileReference; lastKnownFileType = text.plist.xml; path = "GroovyDragonTests-Info.plist"; sourceTree = "<group>"; };
		C963400318AC2B0000F2E432 /* en */ = {isa = PBXFileReference; lastKnownFileType = text.plist.strings; name = en; path = en.lproj/InfoPlist.strings; sourceTree = "<group>"; };
		C963400518AC2B0000F2E432 /* GroovyDragonTests.m */ = {isa = PBXFileReference; lastKnownFileType = sourcecode.c.objc; path = GroovyDragonTests.m; sourceTree = "<group>"; };
		C963401518AC39DD00F2E432 /* Skyline.png */ = {isa = PBXFileReference; lastKnownFileType = image.png; path = Skyline.png; sourceTree = "<group>"; };
		C963401618AC39DD00F2E432 /* Ground.png */ = {isa = PBXFileReference; lastKnownFileType = image.png; path = Ground.png; sourceTree = "<group>"; };
		C963401918AC4EBA00F2E432 /* Pipe2.png */ = {isa = PBXFileReference; lastKnownFileType = image.png; path = Pipe2.png; sourceTree = "<group>"; };
		C963401A18AC4EBA00F2E432 /* Pipe1.png */ = {isa = PBXFileReference; lastKnownFileType = image.png; path = Pipe1.png; sourceTree = "<group>"; };
/* End PBXFileReference section */

/* Begin PBXFrameworksBuildPhase section */
		C9633FCA18AC2AFF00F2E432 /* Frameworks */ = {
			isa = PBXFrameworksBuildPhase;
			buildActionMask = 2147483647;
			files = (
				C9633FD318AC2AFF00F2E432 /* CoreGraphics.framework in Frameworks */,
				71AC2D5D1D7D7919009B193D /* StoreKit.framework in Frameworks */,
				C9633FD518AC2AFF00F2E432 /* UIKit.framework in Frameworks */,
				C9633FD718AC2AFF00F2E432 /* SpriteKit.framework in Frameworks */,
				71AC2D5B1D7D78AD009B193D /* GameKit.framework in Frameworks */,
				C9633FD118AC2AFF00F2E432 /* Foundation.framework in Frameworks */,
				71273AB51D5879B40024E107 /* libMelodySmart.a in Frameworks */,
			);
			runOnlyForDeploymentPostprocessing = 0;
		};
		C9633FF518AC2B0000F2E432 /* Frameworks */ = {
			isa = PBXFrameworksBuildPhase;
			buildActionMask = 2147483647;
			files = (
				C9633FFA18AC2B0000F2E432 /* XCTest.framework in Frameworks */,
				C9633FFC18AC2B0000F2E432 /* UIKit.framework in Frameworks */,
				C9633FFB18AC2B0000F2E432 /* Foundation.framework in Frameworks */,
				71273AB61D5879B40024E107 /* libMelodySmart.a in Frameworks */,
			);
			runOnlyForDeploymentPostprocessing = 0;
		};
/* End PBXFrameworksBuildPhase section */

/* Begin PBXGroup section */
		71273AA31D5879B40024E107 /* btlemanager */ = {
			isa = PBXGroup;
			children = (
				71273AA41D5879B40024E107 /* bluetooth.png */,
				71273AA51D5879B40024E107 /* bluetoothoff.png */,
				71273AA61D5879B40024E107 /* BTLEManager.h */,
				71273AA71D5879B40024E107 /* BTLEManager.m */,
				71273AA81D5879B40024E107 /* libMelodySmart.a */,
				71273AA91D5879B40024E107 /* MelodyManager.h */,
				71273AAA1D5879B40024E107 /* MelodySmart.h */,
				71273AAB1D5879B40024E107 /* NSData+NSData_Conversion.h */,
				71273AAC1D5879B40024E107 /* NSData+NSData_Conversion.m */,
				71273AAD1D5879B40024E107 /* OtaStructs.h */,
			);
			path = btlemanager;
			sourceTree = "<group>";
		};
		C9633FC418AC2AFF00F2E432 = {
			isa = PBXGroup;
			children = (
				71AC2D491D7D71CB009B193D /* GroovyDragon.entitlements */,
				C9633FD818AC2AFF00F2E432 /* GroovyDragon */,
				C9633FFF18AC2B0000F2E432 /* GroovyDragonTests */,
				C9633FCF18AC2AFF00F2E432 /* Frameworks */,
				C9633FCE18AC2AFF00F2E432 /* Products */,
			);
			sourceTree = "<group>";
		};
		C9633FCE18AC2AFF00F2E432 /* Products */ = {
			isa = PBXGroup;
			children = (
				C9633FCD18AC2AFF00F2E432 /* GroovyDragon.app */,
				C9633FF818AC2B0000F2E432 /* GroovyDragon.xctest */,
			);
			name = Products;
			sourceTree = "<group>";
		};
		C9633FCF18AC2AFF00F2E432 /* Frameworks */ = {
			isa = PBXGroup;
			children = (
				71AC2D5C1D7D7919009B193D /* StoreKit.framework */,
				71AC2D5A1D7D78AD009B193D /* GameKit.framework */,
				C9633FD018AC2AFF00F2E432 /* Foundation.framework */,
				C9633FD218AC2AFF00F2E432 /* CoreGraphics.framework */,
				C9633FD418AC2AFF00F2E432 /* UIKit.framework */,
				C9633FD618AC2AFF00F2E432 /* SpriteKit.framework */,
				C9633FF918AC2B0000F2E432 /* XCTest.framework */,
			);
			name = Frameworks;
			sourceTree = "<group>";
		};
		C9633FD818AC2AFF00F2E432 /* GroovyDragon */ = {
			isa = PBXGroup;
			children = (
				71273AA31D5879B40024E107 /* btlemanager */,
				C9633FE118AC2AFF00F2E432 /* AppDelegate.h */,
				C9633FE218AC2AFF00F2E432 /* AppDelegate.m */,
				C9633FE418AC2AFF00F2E432 /* Main_iPhone.storyboard */,
				C9633FE718AC2AFF00F2E432 /* Main_iPad.storyboard */,
				C9633FEA18AC2AFF00F2E432 /* ViewController.h */,
				C9633FEB18AC2B0000F2E432 /* ViewController.m */,
				C9633FED18AC2B0000F2E432 /* MyScene.h */,
				C9633FEE18AC2B0000F2E432 /* MyScene.m */,
				C9633FF218AC2B0000F2E432 /* Images.xcassets */,
				C9633FD918AC2AFF00F2E432 /* Supporting Files */,
			);
			path = GroovyDragon;
			sourceTree = "<group>";
		};
		C9633FD918AC2AFF00F2E432 /* Supporting Files */ = {
			isa = PBXGroup;
			children = (
				C963401918AC4EBA00F2E432 /* Pipe2.png */,
				C963401A18AC4EBA00F2E432 /* Pipe1.png */,
				71FB87431D635D9400509FFE /* flappyBreathLevelInfo.json */,
				C963401518AC39DD00F2E432 /* Skyline.png */,
				711D3C561D79CCBC002AFE9F /* tower (lower tube)-EXTENDED.png */,
				719C4A001D76E65500922673 /* GroovyDragonSplashPortraitHiRes.png */,
				711D3C581D79CEC4002AFE9F /* tower (lower tube)-EXTENDED1.png */,
				714585161D6F3C7E0084FC91 /* EXHALEButton.png */,
				714585171D6F3C7E0084FC91 /* GravityButton-OFF.png */,
				714585181D6F3C7E0084FC91 /* GravityButton-ON.png */,
				717AFC4E1D74510000E907ED /* dragon wings down.png */,
				717AFC4F1D74510000E907ED /* dragon wings up.png */,
				717AFC501D74510000E907ED /* Flag (upper tube).png */,
				717AFC511D74510000E907ED /* floor.png */,
				71AC2D271D7D6BA2009B193D /* GroovyDragonAppIcon29x29.png */,
				71AC2D281D7D6BA2009B193D /* GroovyDragonAppIcon40x40.png */,
				71AC2D291D7D6BA2009B193D /* GroovyDragonAppIcon50x50.png */,
				71AC2D2A1D7D6BA2009B193D /* GroovyDragonAppIcon57x57.png */,
				71AC2D2B1D7D6BA2009B193D /* GroovyDragonAppIcon58x58.png */,
				71AC2D2C1D7D6BA2009B193D /* GroovyDragonAppIcon72x72.png */,
				71AC2D2D1D7D6BA2009B193D /* GroovyDragonAppIcon76x76.png */,
				71AC2D2E1D7D6BA2009B193D /* GroovyDragonAppIcon80x80.png */,
				71AC2D2F1D7D6BA2009B193D /* GroovyDragonAppIcon100x100.png */,
				71AC2D301D7D6BA2009B193D /* GroovyDragonAppIcon114x114.png */,
				71AC2D311D7D6BA2009B193D /* GroovyDragonAppIcon120x120.png */,
				71AC2D321D7D6BA2009B193D /* GroovyDragonAppIcon144x144.png */,
				71AC2D331D7D6BA2009B193D /* GroovyDragonAppIcon152x152.png */,
				71AC2D341D7D6BA2009B193D /* GroovyDragonAppIcon167x167.png */,
				71AC2D351D7D6BA2009B193D /* GroovyDragonAppIcon1024x1024.png */,
				717AFC521D74510000E907ED /* skyline2.png */,
				717AFC531D74510000E907ED /* tower (lower tube).png */,
				714585191D6F3C7E0084FC91 /* INHALEButton.png */,
				7145851A1D6F3C7E0084FC91 /* ResetButton.png */,
				717AFC5A1D74702B00E907ED /* none.png */,
				C963401618AC39DD00F2E432 /* Ground.png */,
				71273AB91D58DEFF0024E107 /* BlueToothConnected.png */,
				71273ABA1D58DEFF0024E107 /* BlueToothDisconnected.png */,
				C9633FDA18AC2AFF00F2E432 /* GroovyDragon-Info.plist */,
				C9633FDB18AC2AFF00F2E432 /* InfoPlist.strings */,
				C9633FDE18AC2AFF00F2E432 /* main.m */,
				C9633FE018AC2AFF00F2E432 /* GroovyDragon-Prefix.pch */,
			);
			name = "Supporting Files";
			sourceTree = "<group>";
		};
		C9633FFF18AC2B0000F2E432 /* GroovyDragonTests */ = {
			isa = PBXGroup;
			children = (
				C963400518AC2B0000F2E432 /* GroovyDragonTests.m */,
				C963400018AC2B0000F2E432 /* Supporting Files */,
			);
			path = GroovyDragonTests;
			sourceTree = "<group>";
		};
		C963400018AC2B0000F2E432 /* Supporting Files */ = {
			isa = PBXGroup;
			children = (
				C963400118AC2B0000F2E432 /* GroovyDragonTests-Info.plist */,
				C963400218AC2B0000F2E432 /* InfoPlist.strings */,
			);
			name = "Supporting Files";
			sourceTree = "<group>";
		};
/* End PBXGroup section */

/* Begin PBXNativeTarget section */
		C9633FCC18AC2AFF00F2E432 /* GroovyDragon */ = {
			isa = PBXNativeTarget;
			buildConfigurationList = C963400918AC2B0000F2E432 /* Build configuration list for PBXNativeTarget "GroovyDragon" */;
			buildPhases = (
				C9633FC918AC2AFF00F2E432 /* Sources */,
				C9633FCA18AC2AFF00F2E432 /* Frameworks */,
				C9633FCB18AC2AFF00F2E432 /* Resources */,
			);
			buildRules = (
			);
			dependencies = (
			);
			name = GroovyDragon;
			productName = FlappyBirdClone;
			productReference = C9633FCD18AC2AFF00F2E432 /* GroovyDragon.app */;
			productType = "com.apple.product-type.application";
		};
		C9633FF718AC2B0000F2E432 /* GroovyDragonTests */ = {
			isa = PBXNativeTarget;
			buildConfigurationList = C963400C18AC2B0000F2E432 /* Build configuration list for PBXNativeTarget "GroovyDragonTests" */;
			buildPhases = (
				C9633FF418AC2B0000F2E432 /* Sources */,
				C9633FF518AC2B0000F2E432 /* Frameworks */,
				C9633FF618AC2B0000F2E432 /* Resources */,
			);
			buildRules = (
			);
			dependencies = (
				C9633FFE18AC2B0000F2E432 /* PBXTargetDependency */,
			);
			name = GroovyDragonTests;
			productName = FlappyBirdCloneTests;
			productReference = C9633FF818AC2B0000F2E432 /* GroovyDragon.xctest */;
			productType = "com.apple.product-type.bundle.unit-test";
		};
/* End PBXNativeTarget section */

/* Begin PBXProject section */
		C9633FC518AC2AFF00F2E432 /* Project object */ = {
			isa = PBXProject;
			attributes = {
				LastUpgradeCheck = 0800;
				ORGANIZATIONNAME = "";
				TargetAttributes = {
					C9633FCC18AC2AFF00F2E432 = {
						DevelopmentTeam = 7HMHYHNLFC;
						ProvisioningStyle = Automatic;
						SystemCapabilities = {
							com.apple.GameCenter = {
								enabled = 1;
							};
							com.apple.InAppPurchase = {
								enabled = 1;
							};
							com.apple.InterAppAudio = {
								enabled = 0;
							};
						};
					};
					C9633FF718AC2B0000F2E432 = {
						TestTargetID = C9633FCC18AC2AFF00F2E432;
					};
				};
			};
			buildConfigurationList = C9633FC818AC2AFF00F2E432 /* Build configuration list for PBXProject "GroovyDragon" */;
			compatibilityVersion = "Xcode 3.2";
			developmentRegion = English;
			hasScannedForEncodings = 0;
			knownRegions = (
				en,
				Base,
			);
			mainGroup = C9633FC418AC2AFF00F2E432;
			productRefGroup = C9633FCE18AC2AFF00F2E432 /* Products */;
			projectDirPath = "";
			projectRoot = "";
			targets = (
				C9633FCC18AC2AFF00F2E432 /* GroovyDragon */,
				C9633FF718AC2B0000F2E432 /* GroovyDragonTests */,
			);
		};
/* End PBXProject section */

/* Begin PBXResourcesBuildPhase section */
		C9633FCB18AC2AFF00F2E432 /* Resources */ = {
			isa = PBXResourcesBuildPhase;
			buildActionMask = 2147483647;
			files = (
				C963401718AC39DD00F2E432 /* Skyline.png in Resources */,
				71273ABB1D58DEFF0024E107 /* BlueToothConnected.png in Resources */,
				71AC2D431D7D6BA2009B193D /* GroovyDragonAppIcon167x167.png in Resources */,
				71273AB11D5879B40024E107 /* bluetoothoff.png in Resources */,
				C9633FF318AC2B0000F2E432 /* Images.xcassets in Resources */,
				71AC2D391D7D6BA2009B193D /* GroovyDragonAppIcon57x57.png in Resources */,
				71AC2D411D7D6BA2009B193D /* GroovyDragonAppIcon144x144.png in Resources */,
				717AFC581D74510000E907ED /* skyline2.png in Resources */,
				71AC2D371D7D6BA2009B193D /* GroovyDragonAppIcon40x40.png in Resources */,
				711D3C571D79CCBC002AFE9F /* tower (lower tube)-EXTENDED.png in Resources */,
				71AC2D381D7D6BA2009B193D /* GroovyDragonAppIcon50x50.png in Resources */,
				C963401818AC39DD00F2E432 /* Ground.png in Resources */,
				717AFC541D74510000E907ED /* dragon wings down.png in Resources */,
				717AFC5B1D74702B00E907ED /* none.png in Resources */,
				7145851C1D6F3C7E0084FC91 /* GravityButton-OFF.png in Resources */,
				71AC2D3E1D7D6BA2009B193D /* GroovyDragonAppIcon100x100.png in Resources */,
				C963401C18AC4EBA00F2E432 /* Pipe1.png in Resources */,
				C963401B18AC4EBA00F2E432 /* Pipe2.png in Resources */,
				7145851F1D6F3C7E0084FC91 /* ResetButton.png in Resources */,
				7145851B1D6F3C7E0084FC91 /* EXHALEButton.png in Resources */,
				71AC2D3C1D7D6BA2009B193D /* GroovyDragonAppIcon76x76.png in Resources */,
				71AC2D441D7D6BA2009B193D /* GroovyDragonAppIcon1024x1024.png in Resources */,
				71FB87441D635D9400509FFE /* flappyBreathLevelInfo.json in Resources */,
				71AC2D361D7D6BA2009B193D /* GroovyDragonAppIcon29x29.png in Resources */,
				71AC2D3F1D7D6BA2009B193D /* GroovyDragonAppIcon114x114.png in Resources */,
				719C4A011D76E65500922673 /* GroovyDragonSplashPortraitHiRes.png in Resources */,
				71AC2D401D7D6BA2009B193D /* GroovyDragonAppIcon120x120.png in Resources */,
				71AC2D421D7D6BA2009B193D /* GroovyDragonAppIcon152x152.png in Resources */,
				71273AAF1D5879B40024E107 /* bluetooth.png in Resources */,
				C9633FE918AC2AFF00F2E432 /* Main_iPad.storyboard in Resources */,
				71AC2D3D1D7D6BA2009B193D /* GroovyDragonAppIcon80x80.png in Resources */,
				717AFC561D74510000E907ED /* Flag (upper tube).png in Resources */,
				7145851E1D6F3C7E0084FC91 /* INHALEButton.png in Resources */,
				C9633FE618AC2AFF00F2E432 /* Main_iPhone.storyboard in Resources */,
				717AFC571D74510000E907ED /* floor.png in Resources */,
				71AC2D3B1D7D6BA2009B193D /* GroovyDragonAppIcon72x72.png in Resources */,
				71273ABD1D58DEFF0024E107 /* BlueToothDisconnected.png in Resources */,
				711D3C591D79CEC4002AFE9F /* tower (lower tube)-EXTENDED1.png in Resources */,
				717AFC591D74510000E907ED /* tower (lower tube).png in Resources */,
				C9633FDD18AC2AFF00F2E432 /* InfoPlist.strings in Resources */,
				717AFC551D74510000E907ED /* dragon wings up.png in Resources */,
				71AC2D3A1D7D6BA2009B193D /* GroovyDragonAppIcon58x58.png in Resources */,
				7145851D1D6F3C7E0084FC91 /* GravityButton-ON.png in Resources */,
			);
			runOnlyForDeploymentPostprocessing = 0;
		};
		C9633FF618AC2B0000F2E432 /* Resources */ = {
			isa = PBXResourcesBuildPhase;
			buildActionMask = 2147483647;
			files = (
				71273ABC1D58DEFF0024E107 /* BlueToothConnected.png in Resources */,
				C963400418AC2B0000F2E432 /* InfoPlist.strings in Resources */,
				71273AB21D5879B40024E107 /* bluetoothoff.png in Resources */,
				71273ABE1D58DEFF0024E107 /* BlueToothDisconnected.png in Resources */,
				71273AB01D5879B40024E107 /* bluetooth.png in Resources */,
			);
			runOnlyForDeploymentPostprocessing = 0;
		};
/* End PBXResourcesBuildPhase section */

/* Begin PBXSourcesBuildPhase section */
		C9633FC918AC2AFF00F2E432 /* Sources */ = {
			isa = PBXSourcesBuildPhase;
			buildActionMask = 2147483647;
			files = (
				C9633FEF18AC2B0000F2E432 /* MyScene.m in Sources */,
				71273AB71D5879B40024E107 /* NSData+NSData_Conversion.m in Sources */,
				71273AB31D5879B40024E107 /* BTLEManager.m in Sources */,
				C9633FEC18AC2B0000F2E432 /* ViewController.m in Sources */,
				C9633FE318AC2AFF00F2E432 /* AppDelegate.m in Sources */,
				C9633FDF18AC2AFF00F2E432 /* main.m in Sources */,
			);
			runOnlyForDeploymentPostprocessing = 0;
		};
		C9633FF418AC2B0000F2E432 /* Sources */ = {
			isa = PBXSourcesBuildPhase;
			buildActionMask = 2147483647;
			files = (
				71273AB41D5879B40024E107 /* BTLEManager.m in Sources */,
				71273AB81D5879B40024E107 /* NSData+NSData_Conversion.m in Sources */,
				C963400618AC2B0000F2E432 /* GroovyDragonTests.m in Sources */,
			);
			runOnlyForDeploymentPostprocessing = 0;
		};
/* End PBXSourcesBuildPhase section */

/* Begin PBXTargetDependency section */
		C9633FFE18AC2B0000F2E432 /* PBXTargetDependency */ = {
			isa = PBXTargetDependency;
			target = C9633FCC18AC2AFF00F2E432 /* GroovyDragon */;
			targetProxy = C9633FFD18AC2B0000F2E432 /* PBXContainerItemProxy */;
		};
/* End PBXTargetDependency section */

/* Begin PBXVariantGroup section */
		C9633FDB18AC2AFF00F2E432 /* InfoPlist.strings */ = {
			isa = PBXVariantGroup;
			children = (
				C9633FDC18AC2AFF00F2E432 /* en */,
			);
			name = InfoPlist.strings;
			sourceTree = "<group>";
		};
		C9633FE418AC2AFF00F2E432 /* Main_iPhone.storyboard */ = {
			isa = PBXVariantGroup;
			children = (
				C9633FE518AC2AFF00F2E432 /* Base */,
			);
			name = Main_iPhone.storyboard;
			sourceTree = "<group>";
		};
		C9633FE718AC2AFF00F2E432 /* Main_iPad.storyboard */ = {
			isa = PBXVariantGroup;
			children = (
				714174A71D78398200AF4792 /* en */,
			);
			name = Main_iPad.storyboard;
			sourceTree = "<group>";
		};
		C963400218AC2B0000F2E432 /* InfoPlist.strings */ = {
			isa = PBXVariantGroup;
			children = (
				C963400318AC2B0000F2E432 /* en */,
			);
			name = InfoPlist.strings;
			sourceTree = "<group>";
		};
/* End PBXVariantGroup section */

/* Begin XCBuildConfiguration section */
		C963400718AC2B0000F2E432 /* Debug */ = {
			isa = XCBuildConfiguration;
			buildSettings = {
				ALWAYS_SEARCH_USER_PATHS = NO;
				CLANG_CXX_LANGUAGE_STANDARD = "gnu++0x";
				CLANG_CXX_LIBRARY = "libc++";
				CLANG_ENABLE_MODULES = YES;
				CLANG_ENABLE_OBJC_ARC = YES;
				CLANG_WARN_BOOL_CONVERSION = YES;
				CLANG_WARN_CONSTANT_CONVERSION = YES;
				CLANG_WARN_DIRECT_OBJC_ISA_USAGE = YES_ERROR;
				CLANG_WARN_EMPTY_BODY = YES;
				CLANG_WARN_ENUM_CONVERSION = YES;
				CLANG_WARN_INFINITE_RECURSION = YES;
				CLANG_WARN_INT_CONVERSION = YES;
				CLANG_WARN_OBJC_ROOT_CLASS = YES_ERROR;
				CLANG_WARN_SUSPICIOUS_MOVE = YES;
				CLANG_WARN_UNREACHABLE_CODE = YES;
				CLANG_WARN__DUPLICATE_METHOD_MATCH = YES;
				CODE_SIGN_IDENTITY = "iPhone Developer: Ruud van der Wel (WX486X8EYU)";
				"CODE_SIGN_IDENTITY[sdk=iphoneos*]" = "iPhone Developer: Ruud van der Wel (WX486X8EYU)";
				COPY_PHASE_STRIP = NO;
				ENABLE_BITCODE = NO;
				ENABLE_STRICT_OBJC_MSGSEND = YES;
				ENABLE_TESTABILITY = YES;
				GCC_C_LANGUAGE_STANDARD = gnu99;
				GCC_DYNAMIC_NO_PIC = NO;
				GCC_NO_COMMON_BLOCKS = YES;
				GCC_OPTIMIZATION_LEVEL = 0;
				GCC_PREPROCESSOR_DEFINITIONS = (
					"DEBUG=1",
					"$(inherited)",
				);
				GCC_SYMBOLS_PRIVATE_EXTERN = NO;
				GCC_WARN_64_TO_32_BIT_CONVERSION = YES;
				GCC_WARN_ABOUT_RETURN_TYPE = YES_ERROR;
				GCC_WARN_UNDECLARED_SELECTOR = YES;
				GCC_WARN_UNINITIALIZED_AUTOS = YES;
				GCC_WARN_UNUSED_FUNCTION = YES;
				GCC_WARN_UNUSED_VARIABLE = YES;
				IPHONEOS_DEPLOYMENT_TARGET = 8.0;
				ONLY_ACTIVE_ARCH = YES;
				PROVISIONING_PROFILE = "8416bb33-8795-4aca-b39f-3832f2e4087a";
				SDKROOT = iphoneos;
				TARGETED_DEVICE_FAMILY = "1,2";
			};
			name = Debug;
		};
		C963400818AC2B0000F2E432 /* Release */ = {
			isa = XCBuildConfiguration;
			buildSettings = {
				ALWAYS_SEARCH_USER_PATHS = NO;
				CLANG_CXX_LANGUAGE_STANDARD = "gnu++0x";
				CLANG_CXX_LIBRARY = "libc++";
				CLANG_ENABLE_MODULES = YES;
				CLANG_ENABLE_OBJC_ARC = YES;
				CLANG_WARN_BOOL_CONVERSION = YES;
				CLANG_WARN_CONSTANT_CONVERSION = YES;
				CLANG_WARN_DIRECT_OBJC_ISA_USAGE = YES_ERROR;
				CLANG_WARN_EMPTY_BODY = YES;
				CLANG_WARN_ENUM_CONVERSION = YES;
				CLANG_WARN_INFINITE_RECURSION = YES;
				CLANG_WARN_INT_CONVERSION = YES;
				CLANG_WARN_OBJC_ROOT_CLASS = YES_ERROR;
				CLANG_WARN_SUSPICIOUS_MOVE = YES;
				CLANG_WARN_UNREACHABLE_CODE = YES;
				CLANG_WARN__DUPLICATE_METHOD_MATCH = YES;
				CODE_SIGN_IDENTITY = "iPhone Developer: Ruud van der Wel (WX486X8EYU)";
				"CODE_SIGN_IDENTITY[sdk=iphoneos*]" = "iPhone Developer: Ruud van der Wel (WX486X8EYU)";
				COPY_PHASE_STRIP = YES;
				ENABLE_BITCODE = NO;
				ENABLE_NS_ASSERTIONS = NO;
				ENABLE_STRICT_OBJC_MSGSEND = YES;
				GCC_C_LANGUAGE_STANDARD = gnu99;
				GCC_NO_COMMON_BLOCKS = YES;
				GCC_WARN_64_TO_32_BIT_CONVERSION = YES;
				GCC_WARN_ABOUT_RETURN_TYPE = YES_ERROR;
				GCC_WARN_UNDECLARED_SELECTOR = YES;
				GCC_WARN_UNINITIALIZED_AUTOS = YES;
				GCC_WARN_UNUSED_FUNCTION = YES;
				GCC_WARN_UNUSED_VARIABLE = YES;
				IPHONEOS_DEPLOYMENT_TARGET = 8.0;
				PROVISIONING_PROFILE = "8416bb33-8795-4aca-b39f-3832f2e4087a";
				SDKROOT = iphoneos;
				TARGETED_DEVICE_FAMILY = "1,2";
				VALIDATE_PRODUCT = YES;
			};
			name = Release;
		};
		C963400A18AC2B0000F2E432 /* Debug */ = {
			isa = XCBuildConfiguration;
			buildSettings = {
				ASSETCATALOG_COMPILER_APPICON_NAME = AppIcon;
				ASSETCATALOG_COMPILER_LAUNCHIMAGE_NAME = LaunchImage;
				"CODE_SIGN_ENTITLEMENTS[sdk=*]" = "";
				CODE_SIGN_IDENTITY = "iPhone Developer";
				"CODE_SIGN_IDENTITY[sdk=iphoneos*]" = "iPhone Developer";
				DEVELOPMENT_TEAM = "";
				ENABLE_BITCODE = NO;
				GCC_PRECOMPILE_PREFIX_HEADER = YES;
				GCC_PREFIX_HEADER = "GroovyDragon/GroovyDragon-Prefix.pch";
				INFOPLIST_FILE = "GroovyDragon/GroovyDragon-Info.plist";
				IPHONEOS_DEPLOYMENT_TARGET = 8.0;
				LIBRARY_SEARCH_PATHS = (
					"$(inherited)",
					"$(PROJECT_DIR)/GroovyDragon/btlemanager",
				);
				"OTHER_CFLAGS[arch=*]" = "-fembed-bitcode";
				PRODUCT_BUNDLE_IDENTIFIER = com.audiorhoon.groovydragon;
				PRODUCT_NAME = GroovyDragon;
				PROVISIONING_PROFILE = "";
				PROVISIONING_PROFILE_SPECIFIER = "";
				SPRITEKIT_TEXTURE_ATLAS_OUTPUT = YES;
				TARGETED_DEVICE_FAMILY = 2;
				WRAPPER_EXTENSION = app;
			};
			name = Debug;
		};
		C963400B18AC2B0000F2E432 /* Release */ = {
			isa = XCBuildConfiguration;
			buildSettings = {
				ASSETCATALOG_COMPILER_APPICON_NAME = AppIcon;
				ASSETCATALOG_COMPILER_LAUNCHIMAGE_NAME = LaunchImage;
				CODE_SIGN_IDENTITY = "iPhone Developer";
				"CODE_SIGN_IDENTITY[sdk=iphoneos*]" = "iPhone Developer";
				DEVELOPMENT_TEAM = "";
				ENABLE_BITCODE = NO;
				GCC_PRECOMPILE_PREFIX_HEADER = YES;
				GCC_PREFIX_HEADER = "GroovyDragon/GroovyDragon-Prefix.pch";
				INFOPLIST_FILE = "GroovyDragon/GroovyDragon-Info.plist";
				IPHONEOS_DEPLOYMENT_TARGET = 8.0;
				LIBRARY_SEARCH_PATHS = (
					"$(inherited)",
					"$(PROJECT_DIR)/GroovyDragon/btlemanager",
				);
				"OTHER_CFLAGS[arch=*]" = "-fembed-bitcode";
				PRODUCT_BUNDLE_IDENTIFIER = com.audiorhoon.groovydragon;
				PRODUCT_NAME = GroovyDragon;
				PROVISIONING_PROFILE = "";
				PROVISIONING_PROFILE_SPECIFIER = "";
				SPRITEKIT_TEXTURE_ATLAS_OUTPUT = YES;
				TARGETED_DEVICE_FAMILY = 2;
				WRAPPER_EXTENSION = app;
			};
			name = Release;
		};
		C963400D18AC2B0000F2E432 /* Debug */ = {
			isa = XCBuildConfiguration;
			buildSettings = {
				BUNDLE_LOADER = "$(BUILT_PRODUCTS_DIR)/GroovyDragon.app/GroovyDragon";
				FRAMEWORK_SEARCH_PATHS = (
					"$(SDKROOT)/Developer/Library/Frameworks",
					"$(inherited)",
					"$(DEVELOPER_FRAMEWORKS_DIR)",
				);
				GCC_PRECOMPILE_PREFIX_HEADER = YES;
				GCC_PREFIX_HEADER = "GroovyDragon/GroovyDragon-Prefix.pch";
				GCC_PREPROCESSOR_DEFINITIONS = (
					"DEBUG=1",
					"$(inherited)",
				);
				INFOPLIST_FILE = "GroovyDragonTests/GroovyDragonTests-Info.plist";
				LIBRARY_SEARCH_PATHS = (
					"$(inherited)",
					"$(PROJECT_DIR)/GroovyDragon/btlemanager",
				);
				PRODUCT_BUNDLE_IDENTIFIER = "com.digitalbreed.${PRODUCT_NAME:rfc1034identifier}";
				PRODUCT_NAME = GroovyDragon;
				TEST_HOST = "$(BUNDLE_LOADER)";
				WRAPPER_EXTENSION = xctest;
			};
			name = Debug;
		};
		C963400E18AC2B0000F2E432 /* Release */ = {
			isa = XCBuildConfiguration;
			buildSettings = {
				BUNDLE_LOADER = "$(BUILT_PRODUCTS_DIR)/GroovyDragon.app/GroovyDragon";
				FRAMEWORK_SEARCH_PATHS = (
					"$(SDKROOT)/Developer/Library/Frameworks",
					"$(inherited)",
					"$(DEVELOPER_FRAMEWORKS_DIR)",
				);
				GCC_PRECOMPILE_PREFIX_HEADER = YES;
				GCC_PREFIX_HEADER = "GroovyDragon/GroovyDragon-Prefix.pch";
				INFOPLIST_FILE = "GroovyDragonTests/GroovyDragonTests-Info.plist";
				LIBRARY_SEARCH_PATHS = (
					"$(inherited)",
					"$(PROJECT_DIR)/GroovyDragon/btlemanager",
				);
				PRODUCT_BUNDLE_IDENTIFIER = "com.digitalbreed.${PRODUCT_NAME:rfc1034identifier}";
				PRODUCT_NAME = GroovyDragon;
				TEST_HOST = "$(BUNDLE_LOADER)";
				WRAPPER_EXTENSION = xctest;
			};
			name = Release;
		};
/* End XCBuildConfiguration section */

/* Begin XCConfigurationList section */
		C9633FC818AC2AFF00F2E432 /* Build configuration list for PBXProject "GroovyDragon" */ = {
			isa = XCConfigurationList;
			buildConfigurations = (
				C963400718AC2B0000F2E432 /* Debug */,
				C963400818AC2B0000F2E432 /* Release */,
			);
			defaultConfigurationIsVisible = 0;
			defaultConfigurationName = Release;
		};
		C963400918AC2B0000F2E432 /* Build configuration list for PBXNativeTarget "GroovyDragon" */ = {
			isa = XCConfigurationList;
			buildConfigurations = (
				C963400A18AC2B0000F2E432 /* Debug */,
				C963400B18AC2B0000F2E432 /* Release */,
			);
			defaultConfigurationIsVisible = 0;
			defaultConfigurationName = Release;
		};
		C963400C18AC2B0000F2E432 /* Build configuration list for PBXNativeTarget "GroovyDragonTests" */ = {
			isa = XCConfigurationList;
			buildConfigurations = (
				C963400D18AC2B0000F2E432 /* Debug */,
				C963400E18AC2B0000F2E432 /* Release */,
			);
			defaultConfigurationIsVisible = 0;
			defaultConfigurationName = Release;
		};
/* End XCConfigurationList section */
	};
	rootObject = C9633FC518AC2AFF00F2E432 /* Project object */;
}
